{
    "_readme": [
        "This file locks the dependencies of your project to a known state",
        "Read more about it at https://getcomposer.org/doc/01-basic-usage.md#composer-lock-the-lock-file",
        "This file is @generated automatically"
    ],
    "hash": "059e037bee0f79830d1faf3da33a9708",
    "content-hash": "0e1d0602b90dbc2e460994b9c063674f",
    "packages": [
        {
            "name": "nette/component-model",
            "version": "v2.3.0",
            "source": {
                "type": "git",
                "url": "https://github.com/nette/component-model.git",
                "reference": "9b5817b246bf409b8f0f8309c23e599dd8729d28"
            },
            "dist": {
                "type": "zip",
                "url": "https://api.github.com/repos/nette/component-model/zipball/9b5817b246bf409b8f0f8309c23e599dd8729d28",
                "reference": "9b5817b246bf409b8f0f8309c23e599dd8729d28",
                "shasum": ""
            },
            "require": {
                "nette/utils": "^2.4",
                "php": ">=5.6.0"
            },
            "conflict": {
                "nette/application": "<2.4",
                "nette/nette": "<2.2"
            },
            "require-dev": {
                "nette/tester": "~2.0",
                "tracy/tracy": "^2.3"
            },
            "type": "library",
            "extra": {
                "branch-alias": {
                    "dev-master": "2.3-dev"
                }
            },
            "autoload": {
                "classmap": [
                    "src/"
                ]
            },
            "notification-url": "https://packagist.org/downloads/",
            "license": [
                "BSD-3-Clause",
                "GPL-2.0",
                "GPL-3.0"
            ],
            "authors": [
                {
                    "name": "David Grudl",
                    "homepage": "https://davidgrudl.com"
                },
                {
                    "name": "Nette Community",
                    "homepage": "https://nette.org/contributors"
                }
            ],
            "description": "Nette Component Model",
            "homepage": "https://nette.org",
            "time": "2016-06-17 17:36:56"
        },
        {
            "name": "nette/di",
            "version": "v2.4.3",
            "source": {
                "type": "git",
                "url": "https://github.com/nette/di.git",
                "reference": "aa40af0766b990fbe052d6efe89382d6df2ae641"
            },
            "dist": {
                "type": "zip",
                "url": "https://api.github.com/repos/nette/di/zipball/aa40af0766b990fbe052d6efe89382d6df2ae641",
                "reference": "aa40af0766b990fbe052d6efe89382d6df2ae641",
                "shasum": ""
            },
            "require": {
                "ext-tokenizer": "*",
                "nette/neon": "^2.3.3",
                "nette/php-generator": "^2.4",
                "nette/utils": "^2.4",
                "php": ">=5.6.0"
            },
            "conflict": {
                "nette/bootstrap": "<2.4",
                "nette/nette": "<2.2"
            },
            "require-dev": {
                "nette/tester": "~2.0",
                "tracy/tracy": "^2.3"
            },
            "type": "library",
            "extra": {
                "branch-alias": {
                    "dev-master": "2.4-dev"
                }
            },
            "autoload": {
                "classmap": [
                    "src/"
                ]
            },
            "notification-url": "https://packagist.org/downloads/",
            "license": [
                "BSD-3-Clause",
                "GPL-2.0",
                "GPL-3.0"
            ],
            "authors": [
                {
                    "name": "David Grudl",
                    "homepage": "https://davidgrudl.com"
                },
                {
                    "name": "Nette Community",
                    "homepage": "https://nette.org/contributors"
                }
            ],
            "description": "Nette Dependency Injection Component",
            "homepage": "https://nette.org",
            "time": "2016-09-21 16:51:11"
        },
        {
            "name": "nette/forms",
            "version": "v2.4.2",
            "source": {
                "type": "git",
                "url": "https://github.com/nette/forms.git",
                "reference": "377b45946c0b600bdf69567f254e620ce632bc40"
            },
            "dist": {
                "type": "zip",
                "url": "https://api.github.com/repos/nette/forms/zipball/377b45946c0b600bdf69567f254e620ce632bc40",
                "reference": "377b45946c0b600bdf69567f254e620ce632bc40",
                "shasum": ""
            },
            "require": {
                "nette/component-model": "~2.3",
                "nette/http": "~2.2",
                "nette/utils": "~2.4",
                "php": ">=5.6.0"
            },
            "conflict": {
                "nette/nette": "<2.2"
            },
            "require-dev": {
                "latte/latte": "~2.4",
                "nette/di": "~2.4",
                "nette/tester": "~2.0",
                "tracy/tracy": "^2.4"
            },
            "type": "library",
            "extra": {
                "branch-alias": {
                    "dev-master": "2.4-dev"
                }
            },
            "autoload": {
                "classmap": [
                    "src/"
                ]
            },
            "notification-url": "https://packagist.org/downloads/",
            "license": [
                "BSD-3-Clause",
                "GPL-2.0",
                "GPL-3.0"
            ],
            "authors": [
                {
                    "name": "David Grudl",
                    "homepage": "https://davidgrudl.com"
                },
                {
                    "name": "Nette Community",
                    "homepage": "https://nette.org/contributors"
                }
            ],
            "description": "Nette Forms: greatly facilitates web forms",
            "homepage": "https://nette.org",
            "time": "2016-09-27 09:34:35"
        },
        {
            "name": "nette/http",
            "version": "v2.4.2",
            "source": {
                "type": "git",
                "url": "https://github.com/nette/http.git",
                "reference": "8b0d3618b3948446b182f35309b8551c0574ae3b"
            },
            "dist": {
                "type": "zip",
                "url": "https://api.github.com/repos/nette/http/zipball/8b0d3618b3948446b182f35309b8551c0574ae3b",
                "reference": "8b0d3618b3948446b182f35309b8551c0574ae3b",
                "shasum": ""
            },
            "require": {
                "nette/utils": "^2.4",
                "php": ">=5.6.0"
            },
            "conflict": {
                "nette/nette": "<2.2"
            },
            "require-dev": {
                "nette/di": "^2.4",
                "nette/tester": "~2.0",
                "tracy/tracy": "^2.4"
            },
            "suggest": {
                "ext-fileinfo": "to detect type of uploaded files"
            },
            "type": "library",
            "extra": {
                "branch-alias": {
                    "dev-master": "2.4-dev"
                }
            },
            "autoload": {
                "classmap": [
                    "src/"
                ]
            },
            "notification-url": "https://packagist.org/downloads/",
            "license": [
                "BSD-3-Clause",
                "GPL-2.0",
                "GPL-3.0"
            ],
            "authors": [
                {
                    "name": "David Grudl",
                    "homepage": "https://davidgrudl.com"
                },
                {
                    "name": "Nette Community",
                    "homepage": "https://nette.org/contributors"
                }
            ],
            "description": "Nette HTTP Component",
            "homepage": "https://nette.org",
            "time": "2016-10-17 14:02:57"
        },
        {
            "name": "nette/neon",
            "version": "v2.4.0",
            "source": {
                "type": "git",
                "url": "https://github.com/nette/neon.git",
                "reference": "c40c63f2afa4196844ac40d9d2a2cfb313f76906"
            },
            "dist": {
                "type": "zip",
                "url": "https://api.github.com/repos/nette/neon/zipball/c40c63f2afa4196844ac40d9d2a2cfb313f76906",
                "reference": "c40c63f2afa4196844ac40d9d2a2cfb313f76906",
                "shasum": ""
            },
            "require": {
                "ext-iconv": "*",
                "php": ">=5.6.0"
            },
            "require-dev": {
                "nette/tester": "~2.0",
                "tracy/tracy": "^2.3"
            },
            "type": "library",
            "extra": {
                "branch-alias": {
                    "dev-master": "2.4-dev"
                }
            },
            "autoload": {
                "classmap": [
                    "src/"
                ]
            },
            "notification-url": "https://packagist.org/downloads/",
            "license": [
                "BSD-3-Clause",
                "GPL-2.0",
                "GPL-3.0"
            ],
            "authors": [
                {
                    "name": "David Grudl",
                    "homepage": "https://davidgrudl.com"
                },
                {
                    "name": "Nette Community",
                    "homepage": "https://nette.org/contributors"
                }
            ],
            "description": "Nette NEON: parser & generator for Nette Object Notation",
            "homepage": "http://ne-on.org",
            "time": "2016-06-25 13:59:48"
        },
        {
            "name": "nette/php-generator",
            "version": "v2.4.1",
            "source": {
                "type": "git",
                "url": "https://github.com/nette/php-generator.git",
                "reference": "e9f4429f5ac526661634242198a1ff394fa5440a"
            },
            "dist": {
                "type": "zip",
                "url": "https://api.github.com/repos/nette/php-generator/zipball/e9f4429f5ac526661634242198a1ff394fa5440a",
                "reference": "e9f4429f5ac526661634242198a1ff394fa5440a",
                "shasum": ""
            },
            "require": {
                "nette/utils": "~2.4",
                "php": ">=5.6.0"
            },
            "conflict": {
                "nette/nette": "<2.2"
            },
            "require-dev": {
                "nette/tester": "~2.0",
                "tracy/tracy": "^2.3"
            },
            "type": "library",
            "extra": {
                "branch-alias": {
                    "dev-master": "2.4-dev"
                }
            },
            "autoload": {
                "classmap": [
                    "src/"
                ]
            },
            "notification-url": "https://packagist.org/downloads/",
            "license": [
                "BSD-3-Clause",
                "GPL-2.0",
                "GPL-3.0"
            ],
            "authors": [
                {
                    "name": "David Grudl",
                    "homepage": "https://davidgrudl.com"
                },
                {
                    "name": "Nette Community",
                    "homepage": "https://nette.org/contributors"
                }
            ],
            "description": "Nette PHP Generator",
            "homepage": "https://nette.org",
            "time": "2016-07-31 13:50:37"
        },
        {
            "name": "nette/utils",
            "version": "v2.4.1",
            "source": {
                "type": "git",
                "url": "https://github.com/nette/utils.git",
                "reference": "a2c86f48afab41e4a68bd161aab6b14e2458ab8a"
            },
            "dist": {
                "type": "zip",
                "url": "https://api.github.com/repos/nette/utils/zipball/a2c86f48afab41e4a68bd161aab6b14e2458ab8a",
                "reference": "a2c86f48afab41e4a68bd161aab6b14e2458ab8a",
                "shasum": ""
            },
            "require": {
                "php": ">=5.6.0"
            },
            "conflict": {
                "nette/nette": "<2.2"
            },
            "require-dev": {
                "nette/tester": "~2.0",
                "tracy/tracy": "^2.3"
            },
            "suggest": {
                "ext-gd": "to use Image",
                "ext-iconv": "to use Strings::webalize() and toAscii()",
                "ext-intl": "for script transliteration in Strings::webalize() and toAscii()",
                "ext-json": "to use Nette\\Utils\\Json",
                "ext-mbstring": "to use Strings::lower() etc...",
                "ext-xml": "to use Strings::length() etc. when mbstring is not available"
            },
            "type": "library",
            "extra": {
                "branch-alias": {
                    "dev-master": "2.4-dev"
                }
            },
            "autoload": {
                "classmap": [
                    "src/"
                ]
            },
            "notification-url": "https://packagist.org/downloads/",
            "license": [
                "BSD-3-Clause",
                "GPL-2.0",
                "GPL-3.0"
            ],
            "authors": [
                {
                    "name": "David Grudl",
                    "homepage": "https://davidgrudl.com"
                },
                {
                    "name": "Nette Community",
                    "homepage": "https://nette.org/contributors"
                }
            ],
            "description": "Nette Utility Classes",
            "homepage": "https://nette.org",
            "time": "2016-09-28 17:57:14"
        }
    ],
    "packages-dev": [
        {
            "name": "nette/tester",
            "version": "v1.7.0",
            "source": {
                "type": "git",
                "url": "https://github.com/nette/tester.git",
                "reference": "efbc31ff4ee0bef28da712a726316e8b0b5bf262"
            },
            "dist": {
                "type": "zip",
                "url": "https://api.github.com/repos/nette/tester/zipball/efbc31ff4ee0bef28da712a726316e8b0b5bf262",
                "reference": "efbc31ff4ee0bef28da712a726316e8b0b5bf262",
                "shasum": ""
            },
            "require": {
                "php": ">=5.3.0"
            },
            "bin": [
                "src/tester"
            ],
            "type": "library",
            "extra": {
                "branch-alias": {
                    "dev-master": "1.7-dev"
                }
            },
            "autoload": {
                "classmap": [
                    "src/"
                ]
            },
            "notification-url": "https://packagist.org/downloads/",
            "license": [
                "BSD-3-Clause",
                "GPL-2.0",
                "GPL-3.0"
            ],
            "authors": [
                {
                    "name": "David Grudl",
                    "homepage": "https://davidgrudl.com"
                },
                {
                    "name": "Nette Community",
                    "homepage": "https://nette.org/contributors"
                }
            ],
            "description": "An easy-to-use PHP unit testing framework.",
            "homepage": "https://tester.nette.org",
            "keywords": [
                "nette",
                "testing",
                "unit"
            ],
            "time": "2016-02-08 10:30:15"
        }
    ],
    "aliases": [],
    "minimum-stability": "stable",
    "stability-flags": [],
    "prefer-stable": false,
    "prefer-lowest": false,
    "platform": {
        "php": ">= 5.5"
    },
    "platform-dev": []
}
